
Microsoft Visual Studio Solution File, Format Version 12.00
# Visual Studio Version 16
VisualStudioVersion = 16.0.32802.440
MinimumVisualStudioVersion = 10.0.40219.1
Project("{FAE04EC0-301F-11D3-BF4B-00C04F79EFBC}") = "Empleados", "Empleados\Empleados.csproj", "{15F99DDC-A3F6-4E38-A670-560BF01D889A}"
EndProject
Global
	GlobalSection(SolutionConfigurationPlatforms) = preSolution
		Debug|Any CPU = Debug|Any CPU
		Release|Any CPU = Release|Any CPU
	EndGlobalSection
	GlobalSection(ProjectConfigurationPlatforms) = postSolution
		{15F99DDC-A3F6-4E38-A670-560BF01D889A}.Debug|Any CPU.ActiveCfg = Debug|Any CPU
		{15F99DDC-A3F6-4E38-A670-560BF01D889A}.Debug|Any CPU.Build.0 = Debug|Any CPU
		{15F99DDC-A3F6-4E38-A670-560BF01D889A}.Release|Any CPU.ActiveCfg = Release|Any CPU
		{15F99DDC-A3F6-4E38-A670-560BF01D889A}.Release|Any CPU.Build.0 = Release|Any CPU
	EndGlobalSection
	GlobalSection(SolutionProperties) = preSolution
		HideSolutionNode = FALSE
	EndGlobalSection
	GlobalSection(ExtensibilityGlobals) = postSolution
		SolutionGuid = {57D1BD1B-15E3-4581-A3F7-3D1680A575B5}
	EndGlobalSection
EndGlobal
